# This file is automatically @generated by Cargo.
# It is not intended for manual editing.
version = 3

[[package]]
name = "ptrplus"
version = "2.1.0"
source = "registry+https://github.com/rust-lang/crates.io-index"
checksum = "f14fa34cab562b910acf9ed28e00ff7fe9dfa53fc82d5ba53d70f10e3b8cfa82"

[[package]]
name = "tree-struct"
version = "0.1.0"
dependencies = [
 "ptrplus",
]
